
Microsoft Visual Studio Solution File, Format Version 12.00
# Visual Studio Version 17
VisualStudioVersion = 17.5.33424.131
MinimumVisualStudioVersion = 10.0.40219.1
Project("{FAE04EC0-301F-11D3-BF4B-00C04F79EFBC}") = "InternetBanking", "InternetBanking.csproj", "{60928731-391B-4546-B849-4C52E488B2DC}"
EndProject
Global
	GlobalSection(SolutionConfigurationPlatforms) = preSolution
		Debug|Any CPU = Debug|Any CPU
		Release|Any CPU = Release|Any CPU
	EndGlobalSection
	GlobalSection(ProjectConfigurationPlatforms) = postSolution
		{60928731-391B-4546-B849-4C52E488B2DC}.Debug|Any CPU.ActiveCfg = Debug|Any CPU
		{60928731-391B-4546-B849-4C52E488B2DC}.Debug|Any CPU.Build.0 = Debug|Any CPU
		{60928731-391B-4546-B849-4C52E488B2DC}.Release|Any CPU.ActiveCfg = Release|Any CPU
		{60928731-391B-4546-B849-4C52E488B2DC}.Release|Any CPU.Build.0 = Release|Any CPU
	EndGlobalSection
	GlobalSection(SolutionProperties) = preSolution
		HideSolutionNode = FALSE
	EndGlobalSection
	GlobalSection(ExtensibilityGlobals) = postSolution
		SolutionGuid = {6A35ABE5-AAA0-4A2F-8588-F45DEE280C4A}
	EndGlobalSection
EndGlobal
